// !$*UTF8*$!
{
	archiveVersion = 1;
	classes = {
	};
	objectVersion = 46;
	objects = {

/* Begin PBXBuildFile section */
		D90766E01A98EDE40039209E /* Grade.swift in Sources */ = {isa = PBXBuildFile; fileRef = D90766DF1A98EDE40039209E /* Grade.swift */; };
		D90DC6101AA98BAC002B85FD /* SaneString.swift in Sources */ = {isa = PBXBuildFile; fileRef = D90DC60F1AA98BAC002B85FD /* SaneString.swift */; };
		D9285EC81B138392001DE2BD /* StaffViewController.swift in Sources */ = {isa = PBXBuildFile; fileRef = D9285EC71B138392001DE2BD /* StaffViewController.swift */; };
		D9285ECD1B13E8B6001DE2BD /* FacultyEntry.swift in Sources */ = {isa = PBXBuildFile; fileRef = D9285ECC1B13E8B6001DE2BD /* FacultyEntry.swift */; };
		D9285ECF1B140E0D001DE2BD /* ContactCell.swift in Sources */ = {isa = PBXBuildFile; fileRef = D9285ECE1B140E0D001DE2BD /* ContactCell.swift */; };
		D93883601AB666A000EEB0BD /* CAPSPageMenu.swift in Sources */ = {isa = PBXBuildFile; fileRef = D938835F1AB666A000EEB0BD /* CAPSPageMenu.swift */; };
		D9431E8B1ADD5EA900C80C80 /* GradeSummaryViewController.swift in Sources */ = {isa = PBXBuildFile; fileRef = D9431E8A1ADD5EA900C80C80 /* GradeSummaryViewController.swift */; };
		D953C7021AF9BBE100C680F2 /* GradeCell.swift in Sources */ = {isa = PBXBuildFile; fileRef = D953C7011AF9BBE100C680F2 /* GradeCell.swift */; };
		D955E43B1A9584A50009D94A /* AppDelegate.swift in Sources */ = {isa = PBXBuildFile; fileRef = D955E43A1A9584A50009D94A /* AppDelegate.swift */; };
		D955E4471A9584A50009D94A /* LaunchScreen.xib in Resources */ = {isa = PBXBuildFile; fileRef = D955E4451A9584A50009D94A /* LaunchScreen.xib */; };
		D955E4531A9584A50009D94A /* onePISDTests.swift in Sources */ = {isa = PBXBuildFile; fileRef = D955E4521A9584A50009D94A /* onePISDTests.swift */; };
		D955E4761A9585190009D94A /* Session.swift in Sources */ = {isa = PBXBuildFile; fileRef = D955E4751A9585190009D94A /* Session.swift */; };
		D955E4781A958CAF0009D94A /* Parser.swift in Sources */ = {isa = PBXBuildFile; fileRef = D955E4771A958CAF0009D94A /* Parser.swift */; };
		D95C8C901AFCFE7700D848E3 /* AssignmentTableView.swift in Sources */ = {isa = PBXBuildFile; fileRef = D95C8C8F1AFCFE7700D848E3 /* AssignmentTableView.swift */; };
		D95C8C951AFD014200D848E3 /* AssignmentCell.swift in Sources */ = {isa = PBXBuildFile; fileRef = D95C8C941AFD014200D848E3 /* AssignmentCell.swift */; };
		D95CA8BA1A97B40800545646 /* SwiftOverlays.swift in Sources */ = {isa = PBXBuildFile; fileRef = D95CA8B91A97B40800545646 /* SwiftOverlays.swift */; };
		D95CA8DE1A984E5A00545646 /* Course.swift in Sources */ = {isa = PBXBuildFile; fileRef = D95CA8DD1A984E5A00545646 /* Course.swift */; };
		D9655C941AD42D6900E30E52 /* Main.storyboard in Resources */ = {isa = PBXBuildFile; fileRef = D9655C931AD42D6900E30E52 /* Main.storyboard */; };
		D9655C961AD42D8E00E30E52 /* ViewConstants.swift in Sources */ = {isa = PBXBuildFile; fileRef = D9655C951AD42D8E00E30E52 /* ViewConstants.swift */; };
		D9655C981AD42DE800E30E52 /* Images.xcassets in Resources */ = {isa = PBXBuildFile; fileRef = D9655C971AD42DE800E30E52 /* Images.xcassets */; };
		D9867D3E1B1617E6000AF968 /* StaffViewNavigationController.swift in Sources */ = {isa = PBXBuildFile; fileRef = D9867D3D1B1617E6000AF968 /* StaffViewNavigationController.swift */; };
		D98F67D31AD0C941001F5001 /* Colors.swift in Sources */ = {isa = PBXBuildFile; fileRef = D98F67D21AD0C941001F5001 /* Colors.swift */; };
		D99341461AF6B8F400230FA4 /* SixWeek.swift in Sources */ = {isa = PBXBuildFile; fileRef = D99341451AF6B8F400230FA4 /* SixWeek.swift */; };
		D993414C1AF6BF1400230FA4 /* SixWeekTableView.swift in Sources */ = {isa = PBXBuildFile; fileRef = D993414B1AF6BF1400230FA4 /* SixWeekTableView.swift */; };
		D993414E1AF6C46700230FA4 /* GradeSummaryNavController.swift in Sources */ = {isa = PBXBuildFile; fileRef = D993414D1AF6C46700230FA4 /* GradeSummaryNavController.swift */; };
		D9A15C131AB5FB7A0017EB90 /* Alamofire.framework in Copy Frameworks */ = {isa = PBXBuildFile; fileRef = D9A15C0A1AB5FB6D0017EB90 /* Alamofire.framework */; settings = {ATTRIBUTES = (CodeSignOnCopy, RemoveHeadersOnCopy, ); }; };
		D9CA0F5C1A9A2B3D0010B639 /* Assignment.swift in Sources */ = {isa = PBXBuildFile; fileRef = D9CA0F5B1A9A2B3D0010B639 /* Assignment.swift */; };
		D9D7F7AE1AE8B8050032EB2E /* MainTabBarController.swift in Sources */ = {isa = PBXBuildFile; fileRef = D9D7F7AD1AE8B8050032EB2E /* MainTabBarController.swift */; };
		D9F93BB61AD42EDF00652F9D /* LoginViewController.swift in Sources */ = {isa = PBXBuildFile; fileRef = D9F93BB51AD42EDF00652F9D /* LoginViewController.swift */; };
/* End PBXBuildFile section */

/* Begin PBXContainerItemProxy section */
		D955E44D1A9584A50009D94A /* PBXContainerItemProxy */ = {
			isa = PBXContainerItemProxy;
			containerPortal = D955E42D1A9584A50009D94A /* Project object */;
			proxyType = 1;
			remoteGlobalIDString = D955E4341A9584A50009D94A;
			remoteInfo = onePISD;
		};
		D9A15C091AB5FB6D0017EB90 /* PBXContainerItemProxy */ = {
			isa = PBXContainerItemProxy;
			containerPortal = D9A15C021AB5FB6D0017EB90 /* Alamofire.xcodeproj */;
			proxyType = 2;
			remoteGlobalIDString = F8111E3319A95C8B0040E7D1;
			remoteInfo = "Alamofire iOS";
		};
		D9A15C0B1AB5FB6D0017EB90 /* PBXContainerItemProxy */ = {
			isa = PBXContainerItemProxy;
			containerPortal = D9A15C021AB5FB6D0017EB90 /* Alamofire.xcodeproj */;
			proxyType = 2;
			remoteGlobalIDString = 4DD67C0B1A5C55C900ED2280;
			remoteInfo = "Alamofire OSX";
		};
		D9A15C0D1AB5FB6D0017EB90 /* PBXContainerItemProxy */ = {
			isa = PBXContainerItemProxy;
			containerPortal = D9A15C021AB5FB6D0017EB90 /* Alamofire.xcodeproj */;
			proxyType = 2;
			remoteGlobalIDString = F8111E3E19A95C8B0040E7D1;
			remoteInfo = "Alamofire iOS Tests";
		};
		D9A15C0F1AB5FB6D0017EB90 /* PBXContainerItemProxy */ = {
			isa = PBXContainerItemProxy;
			containerPortal = D9A15C021AB5FB6D0017EB90 /* Alamofire.xcodeproj */;
			proxyType = 2;
			remoteGlobalIDString = F829C6B21A7A94F100A2CD59;
			remoteInfo = "Alamofire OSX Tests";
		};
		D9A15C111AB5FB770017EB90 /* PBXContainerItemProxy */ = {
			isa = PBXContainerItemProxy;
			containerPortal = D9A15C021AB5FB6D0017EB90 /* Alamofire.xcodeproj */;
			proxyType = 1;
			remoteGlobalIDString = F8111E3219A95C8B0040E7D1;
			remoteInfo = "Alamofire iOS";
		};
/* End PBXContainerItemProxy section */

/* Begin PBXCopyFilesBuildPhase section */
		D95CA8D11A98202D00545646 /* Copy Frameworks */ = {
			isa = PBXCopyFilesBuildPhase;
			buildActionMask = 2147483647;
			dstPath = "";
			dstSubfolderSpec = 10;
			files = (
				D9A15C131AB5FB7A0017EB90 /* Alamofire.framework in Copy Frameworks */,
			);
			name = "Copy Frameworks";
			runOnlyForDeploymentPostprocessing = 0;
		};
/* End PBXCopyFilesBuildPhase section */

/* Begin PBXFileReference section */
		D90766DF1A98EDE40039209E /* Grade.swift */ = {isa = PBXFileReference; fileEncoding = 4; lastKnownFileType = sourcecode.swift; path = Grade.swift; sourceTree = "<group>"; };
		D90DC60F1AA98BAC002B85FD /* SaneString.swift */ = {isa = PBXFileReference; fileEncoding = 4; lastKnownFileType = sourcecode.swift; path = SaneString.swift; sourceTree = "<group>"; };
		D9285EC71B138392001DE2BD /* StaffViewController.swift */ = {isa = PBXFileReference; fileEncoding = 4; lastKnownFileType = sourcecode.swift; path = StaffViewController.swift; sourceTree = "<group>"; };
		D9285ECC1B13E8B6001DE2BD /* FacultyEntry.swift */ = {isa = PBXFileReference; fileEncoding = 4; lastKnownFileType = sourcecode.swift; path = FacultyEntry.swift; sourceTree = "<group>"; };
		D9285ECE1B140E0D001DE2BD /* ContactCell.swift */ = {isa = PBXFileReference; fileEncoding = 4; lastKnownFileType = sourcecode.swift; path = ContactCell.swift; sourceTree = "<group>"; };
		D938835F1AB666A000EEB0BD /* CAPSPageMenu.swift */ = {isa = PBXFileReference; fileEncoding = 4; lastKnownFileType = sourcecode.swift; path = CAPSPageMenu.swift; sourceTree = "<group>"; };
		D9431E8A1ADD5EA900C80C80 /* GradeSummaryViewController.swift */ = {isa = PBXFileReference; fileEncoding = 4; lastKnownFileType = sourcecode.swift; path = GradeSummaryViewController.swift; sourceTree = "<group>"; };
		D953C7011AF9BBE100C680F2 /* GradeCell.swift */ = {isa = PBXFileReference; fileEncoding = 4; lastKnownFileType = sourcecode.swift; path = GradeCell.swift; sourceTree = "<group>"; };
		D955E4351A9584A50009D94A /* onePISD.app */ = {isa = PBXFileReference; explicitFileType = wrapper.application; includeInIndex = 0; path = onePISD.app; sourceTree = BUILT_PRODUCTS_DIR; };
		D955E4391A9584A50009D94A /* Info.plist */ = {isa = PBXFileReference; lastKnownFileType = text.plist.xml; path = Info.plist; sourceTree = "<group>"; };
		D955E43A1A9584A50009D94A /* AppDelegate.swift */ = {isa = PBXFileReference; lastKnownFileType = sourcecode.swift; path = AppDelegate.swift; sourceTree = "<group>"; };
		D955E4461A9584A50009D94A /* Base */ = {isa = PBXFileReference; lastKnownFileType = file.xib; name = Base; path = Base.lproj/LaunchScreen.xib; sourceTree = "<group>"; };
		D955E44C1A9584A50009D94A /* onePISDTests.xctest */ = {isa = PBXFileReference; explicitFileType = wrapper.cfbundle; includeInIndex = 0; path = onePISDTests.xctest; sourceTree = BUILT_PRODUCTS_DIR; };
		D955E4511A9584A50009D94A /* Info.plist */ = {isa = PBXFileReference; lastKnownFileType = text.plist.xml; path = Info.plist; sourceTree = "<group>"; };
		D955E4521A9584A50009D94A /* onePISDTests.swift */ = {isa = PBXFileReference; lastKnownFileType = sourcecode.swift; path = onePISDTests.swift; sourceTree = "<group>"; };
		D955E4751A9585190009D94A /* Session.swift */ = {isa = PBXFileReference; fileEncoding = 4; lastKnownFileType = sourcecode.swift; path = Session.swift; sourceTree = "<group>"; };
		D955E4771A958CAF0009D94A /* Parser.swift */ = {isa = PBXFileReference; fileEncoding = 4; lastKnownFileType = sourcecode.swift; path = Parser.swift; sourceTree = "<group>"; };
		D95C8C8F1AFCFE7700D848E3 /* AssignmentTableView.swift */ = {isa = PBXFileReference; fileEncoding = 4; lastKnownFileType = sourcecode.swift; path = AssignmentTableView.swift; sourceTree = "<group>"; };
		D95C8C941AFD014200D848E3 /* AssignmentCell.swift */ = {isa = PBXFileReference; fileEncoding = 4; lastKnownFileType = sourcecode.swift; path = AssignmentCell.swift; sourceTree = "<group>"; };
		D95CA8B91A97B40800545646 /* SwiftOverlays.swift */ = {isa = PBXFileReference; fileEncoding = 4; lastKnownFileType = sourcecode.swift; path = SwiftOverlays.swift; sourceTree = "<group>"; };
		D95CA8DD1A984E5A00545646 /* Course.swift */ = {isa = PBXFileReference; fileEncoding = 4; lastKnownFileType = sourcecode.swift; path = Course.swift; sourceTree = "<group>"; };
		D9655C931AD42D6900E30E52 /* Main.storyboard */ = {isa = PBXFileReference; fileEncoding = 4; lastKnownFileType = file.storyboard; path = Main.storyboard; sourceTree = "<group>"; };
		D9655C951AD42D8E00E30E52 /* ViewConstants.swift */ = {isa = PBXFileReference; fileEncoding = 4; lastKnownFileType = sourcecode.swift; path = ViewConstants.swift; sourceTree = "<group>"; xcLanguageSpecificationIdentifier = xcode.lang.swift; };
		D9655C971AD42DE800E30E52 /* Images.xcassets */ = {isa = PBXFileReference; lastKnownFileType = folder.assetcatalog; path = Images.xcassets; sourceTree = "<group>"; };
		D9867D3D1B1617E6000AF968 /* StaffViewNavigationController.swift */ = {isa = PBXFileReference; fileEncoding = 4; lastKnownFileType = sourcecode.swift; path = StaffViewNavigationController.swift; sourceTree = "<group>"; };
		D98F67D21AD0C941001F5001 /* Colors.swift */ = {isa = PBXFileReference; fileEncoding = 4; lastKnownFileType = sourcecode.swift; path = Colors.swift; sourceTree = "<group>"; };
		D99341451AF6B8F400230FA4 /* SixWeek.swift */ = {isa = PBXFileReference; fileEncoding = 4; lastKnownFileType = sourcecode.swift; path = SixWeek.swift; sourceTree = "<group>"; };
		D993414B1AF6BF1400230FA4 /* SixWeekTableView.swift */ = {isa = PBXFileReference; fileEncoding = 4; lastKnownFileType = sourcecode.swift; path = SixWeekTableView.swift; sourceTree = "<group>"; };
		D993414D1AF6C46700230FA4 /* GradeSummaryNavController.swift */ = {isa = PBXFileReference; fileEncoding = 4; lastKnownFileType = sourcecode.swift; path = GradeSummaryNavController.swift; sourceTree = "<group>"; };
		D9A15C021AB5FB6D0017EB90 /* Alamofire.xcodeproj */ = {isa = PBXFileReference; lastKnownFileType = "wrapper.pb-project"; name = Alamofire.xcodeproj; path = External_Libraries/Alamofire/Alamofire.xcodeproj; sourceTree = "<group>"; };
		D9CA0F5B1A9A2B3D0010B639 /* Assignment.swift */ = {isa = PBXFileReference; fileEncoding = 4; lastKnownFileType = sourcecode.swift; path = Assignment.swift; sourceTree = "<group>"; };
		D9D7F7AD1AE8B8050032EB2E /* MainTabBarController.swift */ = {isa = PBXFileReference; fileEncoding = 4; lastKnownFileType = sourcecode.swift; path = MainTabBarController.swift; sourceTree = "<group>"; };
		D9F93BB51AD42EDF00652F9D /* LoginViewController.swift */ = {isa = PBXFileReference; fileEncoding = 4; lastKnownFileType = sourcecode.swift; path = LoginViewController.swift; sourceTree = "<group>"; };
/* End PBXFileReference section */

/* Begin PBXFrameworksBuildPhase section */
		D955E4321A9584A50009D94A /* Frameworks */ = {
			isa = PBXFrameworksBuildPhase;
			buildActionMask = 2147483647;
			files = (
			);
			runOnlyForDeploymentPostprocessing = 0;
		};
		D955E4491A9584A50009D94A /* Frameworks */ = {
			isa = PBXFrameworksBuildPhase;
			buildActionMask = 2147483647;
			files = (
			);
			runOnlyForDeploymentPostprocessing = 0;
		};
/* End PBXFrameworksBuildPhase section */

/* Begin PBXGroup section */
		D91424D51A9D9A870042A81E /* Frontend */ = {
			isa = PBXGroup;
			children = (
				D9F93BB11AD42EB000652F9D /* View Controllers */,
				D938835B1AB6669100EEB0BD /* PageMenu */,
				D95CA8DC1A984E4100545646 /* Notifications */,
				D98F67D21AD0C941001F5001 /* Colors.swift */,
			);
			name = Frontend;
			sourceTree = "<group>";
		};
		D938835B1AB6669100EEB0BD /* PageMenu */ = {
			isa = PBXGroup;
			children = (
				D938835F1AB666A000EEB0BD /* CAPSPageMenu.swift */,
			);
			name = PageMenu;
			sourceTree = "<group>";
		};
		D955E42C1A9584A50009D94A = {
			isa = PBXGroup;
			children = (
				D9A15C021AB5FB6D0017EB90 /* Alamofire.xcodeproj */,
				D955E4371A9584A50009D94A /* onePISD */,
				D955E44F1A9584A50009D94A /* onePISDTests */,
				D955E4361A9584A50009D94A /* Products */,
			);
			sourceTree = "<group>";
		};
		D955E4361A9584A50009D94A /* Products */ = {
			isa = PBXGroup;
			children = (
				D955E4351A9584A50009D94A /* onePISD.app */,
				D955E44C1A9584A50009D94A /* onePISDTests.xctest */,
			);
			name = Products;
			sourceTree = "<group>";
		};
		D955E4371A9584A50009D94A /* onePISD */ = {
			isa = PBXGroup;
			children = (
				D9655C931AD42D6900E30E52 /* Main.storyboard */,
				D9655C951AD42D8E00E30E52 /* ViewConstants.swift */,
				D91424D51A9D9A870042A81E /* Frontend */,
				D955E4791A95AFFC0009D94A /* Backend */,
				D955E43A1A9584A50009D94A /* AppDelegate.swift */,
				D955E4451A9584A50009D94A /* LaunchScreen.xib */,
				D9655C971AD42DE800E30E52 /* Images.xcassets */,
				D955E4381A9584A50009D94A /* Supporting Files */,
			);
			path = onePISD;
			sourceTree = "<group>";
		};
		D955E4381A9584A50009D94A /* Supporting Files */ = {
			isa = PBXGroup;
			children = (
				D955E4391A9584A50009D94A /* Info.plist */,
			);
			name = "Supporting Files";
			sourceTree = "<group>";
		};
		D955E44F1A9584A50009D94A /* onePISDTests */ = {
			isa = PBXGroup;
			children = (
				D955E4521A9584A50009D94A /* onePISDTests.swift */,
				D955E4501A9584A50009D94A /* Supporting Files */,
			);
			path = onePISDTests;
			sourceTree = "<group>";
		};
		D955E4501A9584A50009D94A /* Supporting Files */ = {
			isa = PBXGroup;
			children = (
				D955E4511A9584A50009D94A /* Info.plist */,
			);
			name = "Supporting Files";
			sourceTree = "<group>";
		};
		D955E4791A95AFFC0009D94A /* Backend */ = {
			isa = PBXGroup;
			children = (
				D90DC60F1AA98BAC002B85FD /* SaneString.swift */,
				D955E4771A958CAF0009D94A /* Parser.swift */,
				D955E4751A9585190009D94A /* Session.swift */,
				D99341451AF6B8F400230FA4 /* SixWeek.swift */,
				D95CA8DD1A984E5A00545646 /* Course.swift */,
				D90766DF1A98EDE40039209E /* Grade.swift */,
				D9CA0F5B1A9A2B3D0010B639 /* Assignment.swift */,
				D9285ECC1B13E8B6001DE2BD /* FacultyEntry.swift */,
			);
			name = Backend;
			sourceTree = "<group>";
		};
		D95CA8DC1A984E4100545646 /* Notifications */ = {
			isa = PBXGroup;
			children = (
				D95CA8B91A97B40800545646 /* SwiftOverlays.swift */,
			);
			name = Notifications;
			sourceTree = "<group>";
		};
		D9A15C031AB5FB6D0017EB90 /* Products */ = {
			isa = PBXGroup;
			children = (
				D9A15C0A1AB5FB6D0017EB90 /* Alamofire.framework */,
				D9A15C0C1AB5FB6D0017EB90 /* Alamofire.framework */,
				D9A15C0E1AB5FB6D0017EB90 /* Alamofire iOS Tests.xctest */,
				D9A15C101AB5FB6D0017EB90 /* Alamofire OSX Tests.xctest */,
			);
			name = Products;
			sourceTree = "<group>";
		};
		D9F93BB11AD42EB000652F9D /* View Controllers */ = {
			isa = PBXGroup;
			children = (
				D9F93BB51AD42EDF00652F9D /* LoginViewController.swift */,
				D9D7F7AD1AE8B8050032EB2E /* MainTabBarController.swift */,
				D993414D1AF6C46700230FA4 /* GradeSummaryNavController.swift */,
				D9431E8A1ADD5EA900C80C80 /* GradeSummaryViewController.swift */,
				D993414B1AF6BF1400230FA4 /* SixWeekTableView.swift */,
				D953C7011AF9BBE100C680F2 /* GradeCell.swift */,
				D95C8C8F1AFCFE7700D848E3 /* AssignmentTableView.swift */,
				D95C8C941AFD014200D848E3 /* AssignmentCell.swift */,
				D9285EC71B138392001DE2BD /* StaffViewController.swift */,
				D9285ECE1B140E0D001DE2BD /* ContactCell.swift */,
				D9867D3D1B1617E6000AF968 /* StaffViewNavigationController.swift */,
			);
			name = "View Controllers";
			sourceTree = "<group>";
		};
/* End PBXGroup section */

/* Begin PBXNativeTarget section */
		D955E4341A9584A50009D94A /* onePISD */ = {
			isa = PBXNativeTarget;
			buildConfigurationList = D955E4561A9584A50009D94A /* Build configuration list for PBXNativeTarget "onePISD" */;
			buildPhases = (
				D955E4311A9584A50009D94A /* Sources */,
				D955E4321A9584A50009D94A /* Frameworks */,
				D955E4331A9584A50009D94A /* Resources */,
				D95CA8D11A98202D00545646 /* Copy Frameworks */,
			);
			buildRules = (
			);
			dependencies = (
				D9A15C121AB5FB770017EB90 /* PBXTargetDependency */,
			);
			name = onePISD;
			productName = onePISD;
			productReference = D955E4351A9584A50009D94A /* onePISD.app */;
			productType = "com.apple.product-type.application";
		};
		D955E44B1A9584A50009D94A /* onePISDTests */ = {
			isa = PBXNativeTarget;
			buildConfigurationList = D955E4591A9584A50009D94A /* Build configuration list for PBXNativeTarget "onePISDTests" */;
			buildPhases = (
				D955E4481A9584A50009D94A /* Sources */,
				D955E4491A9584A50009D94A /* Frameworks */,
				D955E44A1A9584A50009D94A /* Resources */,
			);
			buildRules = (
			);
			dependencies = (
				D955E44E1A9584A50009D94A /* PBXTargetDependency */,
			);
			name = onePISDTests;
			productName = onePISDTests;
			productReference = D955E44C1A9584A50009D94A /* onePISDTests.xctest */;
			productType = "com.apple.product-type.bundle.unit-test";
		};
/* End PBXNativeTarget section */

/* Begin PBXProject section */
		D955E42D1A9584A50009D94A /* Project object */ = {
			isa = PBXProject;
			attributes = {
				LastUpgradeCheck = 0610;
				ORGANIZATIONNAME = "Enrico Borba";
				TargetAttributes = {
					D955E4341A9584A50009D94A = {
						CreatedOnToolsVersion = 6.1.1;
					};
					D955E44B1A9584A50009D94A = {
						CreatedOnToolsVersion = 6.1.1;
						TestTargetID = D955E4341A9584A50009D94A;
					};
				};
			};
			buildConfigurationList = D955E4301A9584A50009D94A /* Build configuration list for PBXProject "onePISD" */;
			compatibilityVersion = "Xcode 3.2";
			developmentRegion = English;
			hasScannedForEncodings = 0;
			knownRegions = (
				en,
				Base,
			);
			mainGroup = D955E42C1A9584A50009D94A;
			productRefGroup = D955E4361A9584A50009D94A /* Products */;
			projectDirPath = "";
			projectReferences = (
				{
					ProductGroup = D9A15C031AB5FB6D0017EB90 /* Products */;
					ProjectRef = D9A15C021AB5FB6D0017EB90 /* Alamofire.xcodeproj */;
				},
			);
			projectRoot = "";
			targets = (
				D955E4341A9584A50009D94A /* onePISD */,
				D955E44B1A9584A50009D94A /* onePISDTests */,
			);
		};
/* End PBXProject section */

/* Begin PBXReferenceProxy section */
		D9A15C0A1AB5FB6D0017EB90 /* Alamofire.framework */ = {
			isa = PBXReferenceProxy;
			fileType = wrapper.framework;
			path = Alamofire.framework;
			remoteRef = D9A15C091AB5FB6D0017EB90 /* PBXContainerItemProxy */;
			sourceTree = BUILT_PRODUCTS_DIR;
		};
		D9A15C0C1AB5FB6D0017EB90 /* Alamofire.framework */ = {
			isa = PBXReferenceProxy;
			fileType = wrapper.framework;
			path = Alamofire.framework;
			remoteRef = D9A15C0B1AB5FB6D0017EB90 /* PBXContainerItemProxy */;
			sourceTree = BUILT_PRODUCTS_DIR;
		};
		D9A15C0E1AB5FB6D0017EB90 /* Alamofire iOS Tests.xctest */ = {
			isa = PBXReferenceProxy;
			fileType = wrapper.cfbundle;
			path = "Alamofire iOS Tests.xctest";
			remoteRef = D9A15C0D1AB5FB6D0017EB90 /* PBXContainerItemProxy */;
			sourceTree = BUILT_PRODUCTS_DIR;
		};
		D9A15C101AB5FB6D0017EB90 /* Alamofire OSX Tests.xctest */ = {
			isa = PBXReferenceProxy;
			fileType = wrapper.cfbundle;
			path = "Alamofire OSX Tests.xctest";
			remoteRef = D9A15C0F1AB5FB6D0017EB90 /* PBXContainerItemProxy */;
			sourceTree = BUILT_PRODUCTS_DIR;
		};
/* End PBXReferenceProxy section */

/* Begin PBXResourcesBuildPhase section */
		D955E4331A9584A50009D94A /* Resources */ = {
			isa = PBXResourcesBuildPhase;
			buildActionMask = 2147483647;
			files = (
				D9655C981AD42DE800E30E52 /* Images.xcassets in Resources */,
				D955E4471A9584A50009D94A /* LaunchScreen.xib in Resources */,
				D9655C941AD42D6900E30E52 /* Main.storyboard in Resources */,
			);
			runOnlyForDeploymentPostprocessing = 0;
		};
		D955E44A1A9584A50009D94A /* Resources */ = {
			isa = PBXResourcesBuildPhase;
			buildActionMask = 2147483647;
			files = (
			);
			runOnlyForDeploymentPostprocessing = 0;
		};
/* End PBXResourcesBuildPhase section */

/* Begin PBXSourcesBuildPhase section */
		D955E4311A9584A50009D94A /* Sources */ = {
			isa = PBXSourcesBuildPhase;
			buildActionMask = 2147483647;
			files = (
				D95C8C951AFD014200D848E3 /* AssignmentCell.swift in Sources */,
				D95C8C901AFCFE7700D848E3 /* AssignmentTableView.swift in Sources */,
				D993414E1AF6C46700230FA4 /* GradeSummaryNavController.swift in Sources */,
				D9F93BB61AD42EDF00652F9D /* LoginViewController.swift in Sources */,
				D9285EC81B138392001DE2BD /* StaffViewController.swift in Sources */,
				D95CA8DE1A984E5A00545646 /* Course.swift in Sources */,
				D953C7021AF9BBE100C680F2 /* GradeCell.swift in Sources */,
				D9431E8B1ADD5EA900C80C80 /* GradeSummaryViewController.swift in Sources */,
				D9CA0F5C1A9A2B3D0010B639 /* Assignment.swift in Sources */,
				D9285ECD1B13E8B6001DE2BD /* FacultyEntry.swift in Sources */,
				D993414C1AF6BF1400230FA4 /* SixWeekTableView.swift in Sources */,
				D90DC6101AA98BAC002B85FD /* SaneString.swift in Sources */,
				D9D7F7AE1AE8B8050032EB2E /* MainTabBarController.swift in Sources */,
				D95CA8BA1A97B40800545646 /* SwiftOverlays.swift in Sources */,
				D955E4761A9585190009D94A /* Session.swift in Sources */,
				D90766E01A98EDE40039209E /* Grade.swift in Sources */,
				D9655C961AD42D8E00E30E52 /* ViewConstants.swift in Sources */,
				D9867D3E1B1617E6000AF968 /* StaffViewNavigationController.swift in Sources */,
				D955E4781A958CAF0009D94A /* Parser.swift in Sources */,
				D93883601AB666A000EEB0BD /* CAPSPageMenu.swift in Sources */,
				D98F67D31AD0C941001F5001 /* Colors.swift in Sources */,
				D9285ECF1B140E0D001DE2BD /* ContactCell.swift in Sources */,
				D99341461AF6B8F400230FA4 /* SixWeek.swift in Sources */,
				D955E43B1A9584A50009D94A /* AppDelegate.swift in Sources */,
			);
			runOnlyForDeploymentPostprocessing = 0;
		};
		D955E4481A9584A50009D94A /* Sources */ = {
			isa = PBXSourcesBuildPhase;
			buildActionMask = 2147483647;
			files = (
				D955E4531A9584A50009D94A /* onePISDTests.swift in Sources */,
			);
			runOnlyForDeploymentPostprocessing = 0;
		};
/* End PBXSourcesBuildPhase section */

/* Begin PBXTargetDependency section */
		D955E44E1A9584A50009D94A /* PBXTargetDependency */ = {
			isa = PBXTargetDependency;
			target = D955E4341A9584A50009D94A /* onePISD */;
			targetProxy = D955E44D1A9584A50009D94A /* PBXContainerItemProxy */;
		};
		D9A15C121AB5FB770017EB90 /* PBXTargetDependency */ = {
			isa = PBXTargetDependency;
			name = "Alamofire iOS";
			targetProxy = D9A15C111AB5FB770017EB90 /* PBXContainerItemProxy */;
		};
/* End PBXTargetDependency section */

/* Begin PBXVariantGroup section */
		D955E4451A9584A50009D94A /* LaunchScreen.xib */ = {
			isa = PBXVariantGroup;
			children = (
				D955E4461A9584A50009D94A /* Base */,
			);
			name = LaunchScreen.xib;
			sourceTree = "<group>";
		};
/* End PBXVariantGroup section */

/* Begin XCBuildConfiguration section */
		D955E4541A9584A50009D94A /* Debug */ = {
			isa = XCBuildConfiguration;
			buildSettings = {
				ALWAYS_SEARCH_USER_PATHS = NO;
				CLANG_CXX_LANGUAGE_STANDARD = "gnu++0x";
				CLANG_CXX_LIBRARY = "libc++";
				CLANG_ENABLE_MODULES = YES;
				CLANG_ENABLE_OBJC_ARC = YES;
				CLANG_WARN_BOOL_CONVERSION = YES;
				CLANG_WARN_CONSTANT_CONVERSION = YES;
				CLANG_WARN_DIRECT_OBJC_ISA_USAGE = YES_ERROR;
				CLANG_WARN_EMPTY_BODY = YES;
				CLANG_WARN_ENUM_CONVERSION = YES;
				CLANG_WARN_INT_CONVERSION = YES;
				CLANG_WARN_OBJC_ROOT_CLASS = YES_ERROR;
				CLANG_WARN_UNREACHABLE_CODE = YES;
				CLANG_WARN__DUPLICATE_METHOD_MATCH = YES;
				"CODE_SIGN_IDENTITY[sdk=iphoneos*]" = "iPhone Developer";
				COPY_PHASE_STRIP = NO;
				ENABLE_STRICT_OBJC_MSGSEND = YES;
				GCC_C_LANGUAGE_STANDARD = gnu99;
				GCC_DYNAMIC_NO_PIC = NO;
				GCC_OPTIMIZATION_LEVEL = 0;
				GCC_PREPROCESSOR_DEFINITIONS = (
					"DEBUG=1",
					"$(inherited)",
				);
				GCC_SYMBOLS_PRIVATE_EXTERN = NO;
				GCC_WARN_64_TO_32_BIT_CONVERSION = YES;
				GCC_WARN_ABOUT_RETURN_TYPE = YES_ERROR;
				GCC_WARN_UNDECLARED_SELECTOR = YES;
				GCC_WARN_UNINITIALIZED_AUTOS = YES_AGGRESSIVE;
				GCC_WARN_UNUSED_FUNCTION = YES;
				GCC_WARN_UNUSED_VARIABLE = YES;
				IPHONEOS_DEPLOYMENT_TARGET = 8.1;
				MTL_ENABLE_DEBUG_INFO = YES;
				ONLY_ACTIVE_ARCH = YES;
				SDKROOT = iphoneos;
				SWIFT_OPTIMIZATION_LEVEL = "-Onone";
			};
			name = Debug;
		};
		D955E4551A9584A50009D94A /* Release */ = {
			isa = XCBuildConfiguration;
			buildSettings = {
				ALWAYS_SEARCH_USER_PATHS = NO;
				CLANG_CXX_LANGUAGE_STANDARD = "gnu++0x";
				CLANG_CXX_LIBRARY = "libc++";
				CLANG_ENABLE_MODULES = YES;
				CLANG_ENABLE_OBJC_ARC = YES;
				CLANG_WARN_BOOL_CONVERSION = YES;
				CLANG_WARN_CONSTANT_CONVERSION = YES;
				CLANG_WARN_DIRECT_OBJC_ISA_USAGE = YES_ERROR;
				CLANG_WARN_EMPTY_BODY = YES;
				CLANG_WARN_ENUM_CONVERSION = YES;
				CLANG_WARN_INT_CONVERSION = YES;
				CLANG_WARN_OBJC_ROOT_CLASS = YES_ERROR;
				CLANG_WARN_UNREACHABLE_CODE = YES;
				CLANG_WARN__DUPLICATE_METHOD_MATCH = YES;
				"CODE_SIGN_IDENTITY[sdk=iphoneos*]" = "iPhone Developer";
				COPY_PHASE_STRIP = YES;
				ENABLE_NS_ASSERTIONS = NO;
				ENABLE_STRICT_OBJC_MSGSEND = YES;
				GCC_C_LANGUAGE_STANDARD = gnu99;
				GCC_WARN_64_TO_32_BIT_CONVERSION = YES;
				GCC_WARN_ABOUT_RETURN_TYPE = YES_ERROR;
				GCC_WARN_UNDECLARED_SELECTOR = YES;
				GCC_WARN_UNINITIALIZED_AUTOS = YES_AGGRESSIVE;
				GCC_WARN_UNUSED_FUNCTION = YES;
				GCC_WARN_UNUSED_VARIABLE = YES;
				IPHONEOS_DEPLOYMENT_TARGET = 8.1;
				MTL_ENABLE_DEBUG_INFO = NO;
				SDKROOT = iphoneos;
				VALIDATE_PRODUCT = YES;
			};
			name = Release;
		};
		D955E4571A9584A50009D94A /* Debug */ = {
			isa = XCBuildConfiguration;
			buildSettings = {
				ASSETCATALOG_COMPILER_APPICON_NAME = AppIcon;
				CODE_SIGN_IDENTITY = "iPhone Developer";
				INFOPLIST_FILE = onePISD/Info.plist;
				IPHONEOS_DEPLOYMENT_TARGET = 8.0;
				LD_RUNPATH_SEARCH_PATHS = "$(inherited) @executable_path/Frameworks";
				PRODUCT_NAME = "$(TARGET_NAME)";
			};
			name = Debug;
		};
		D955E4581A9584A50009D94A /* Release */ = {
			isa = XCBuildConfiguration;
			buildSettings = {
				ASSETCATALOG_COMPILER_APPICON_NAME = AppIcon;
				CODE_SIGN_IDENTITY = "iPhone Developer";
				INFOPLIST_FILE = onePISD/Info.plist;
				IPHONEOS_DEPLOYMENT_TARGET = 8.0;
				LD_RUNPATH_SEARCH_PATHS = "$(inherited) @executable_path/Frameworks";
				PRODUCT_NAME = "$(TARGET_NAME)";
			};
			name = Release;
		};
		D955E45A1A9584A50009D94A /* Debug */ = {
			isa = XCBuildConfiguration;
			buildSettings = {
				BUNDLE_LOADER = "$(TEST_HOST)";
				FRAMEWORK_SEARCH_PATHS = (
					"$(SDKROOT)/Developer/Library/Frameworks",
					"$(inherited)",
				);
				GCC_PREPROCESSOR_DEFINITIONS = (
					"DEBUG=1",
					"$(inherited)",
				);
				INFOPLIST_FILE = onePISDTests/Info.plist;
				LD_RUNPATH_SEARCH_PATHS = "$(inherited) @executable_path/Frameworks @loader_path/Frameworks";
				PRODUCT_NAME = "$(TARGET_NAME)";
				TEST_HOST = "$(BUILT_PRODUCTS_DIR)/onePISD.app/onePISD";
			};
			name = Debug;
		};
		D955E45B1A9584A50009D94A /* Release */ = {
			isa = XCBuildConfiguration;
			buildSettings = {
				BUNDLE_LOADER = "$(TEST_HOST)";
				FRAMEWORK_SEARCH_PATHS = (
					"$(SDKROOT)/Developer/Library/Frameworks",
					"$(inherited)",
				);
				INFOPLIST_FILE = onePISDTests/Info.plist;
				LD_RUNPATH_SEARCH_PATHS = "$(inherited) @executable_path/Frameworks @loader_path/Frameworks";
				PRODUCT_NAME = "$(TARGET_NAME)";
				TEST_HOST = "$(BUILT_PRODUCTS_DIR)/onePISD.app/onePISD";
			};
			name = Release;
		};
/* End XCBuildConfiguration section */

/* Begin XCConfigurationList section */
		D955E4301A9584A50009D94A /* Build configuration list for PBXProject "onePISD" */ = {
			isa = XCConfigurationList;
			buildConfigurations = (
				D955E4541A9584A50009D94A /* Debug */,
				D955E4551A9584A50009D94A /* Release */,
			);
			defaultConfigurationIsVisible = 0;
			defaultConfigurationName = Release;
		};
		D955E4561A9584A50009D94A /* Build configuration list for PBXNativeTarget "onePISD" */ = {
			isa = XCConfigurationList;
			buildConfigurations = (
				D955E4571A9584A50009D94A /* Debug */,
				D955E4581A9584A50009D94A /* Release */,
			);
			defaultConfigurationIsVisible = 0;
			defaultConfigurationName = Release;
		};
		D955E4591A9584A50009D94A /* Build configuration list for PBXNativeTarget "onePISDTests" */ = {
			isa = XCConfigurationList;
			buildConfigurations = (
				D955E45A1A9584A50009D94A /* Debug */,
				D955E45B1A9584A50009D94A /* Release */,
			);
			defaultConfigurationIsVisible = 0;
			defaultConfigurationName = Release;
		};
/* End XCConfigurationList section */
	};
	rootObject = D955E42D1A9584A50009D94A /* Project object */;
}
